
Microsoft Visual Studio Solution File, Format Version 12.00
# Visual Studio Version 16
VisualStudioVersion = 16.0.30621.155
MinimumVisualStudioVersion = 10.0.40219.1
Project("{FAE04EC0-301F-11D3-BF4B-00C04F79EFBC}") = "ClientRest_084_SulistioSanjaya", "ClientRest_084_SulistioSanjaya.csproj", "{3AF9E994-1E02-40A3-A7FB-11CDA4043AD8}"
EndProject
Global
	GlobalSection(SolutionConfigurationPlatforms) = preSolution
		Debug|Any CPU = Debug|Any CPU
		Release|Any CPU = Release|Any CPU
	EndGlobalSection
	GlobalSection(ProjectConfigurationPlatforms) = postSolution
		{3AF9E994-1E02-40A3-A7FB-11CDA4043AD8}.Debug|Any CPU.ActiveCfg = Debug|Any CPU
		{3AF9E994-1E02-40A3-A7FB-11CDA4043AD8}.Debug|Any CPU.Build.0 = Debug|Any CPU
		{3AF9E994-1E02-40A3-A7FB-11CDA4043AD8}.Release|Any CPU.ActiveCfg = Release|Any CPU
		{3AF9E994-1E02-40A3-A7FB-11CDA4043AD8}.Release|Any CPU.Build.0 = Release|Any CPU
	EndGlobalSection
	GlobalSection(SolutionProperties) = preSolution
		HideSolutionNode = FALSE
	EndGlobalSection
	GlobalSection(ExtensibilityGlobals) = postSolution
		SolutionGuid = {7B6C1C19-673C-4EC3-A07B-7328366F3B74}
	EndGlobalSection
EndGlobal
